
Microsoft Visual Studio Solution File, Format Version 12.00
# Visual Studio Version 17
VisualStudioVersion = 17.4.33403.182
MinimumVisualStudioVersion = 10.0.40219.1
Project("{FAE04EC0-301F-11D3-BF4B-00C04F79EFBC}") = "DotNetIdentity", "DotNetIdentity\DotNetIdentity.csproj", "{F4B00E19-7A74-4206-BE69-427E619D57A1}"
EndProject
Global
	GlobalSection(SolutionConfigurationPlatforms) = preSolution
		Debug|Any CPU = Debug|Any CPU
		Release|Any CPU = Release|Any CPU
	EndGlobalSection
	GlobalSection(ProjectConfigurationPlatforms) = postSolution
		{F4B00E19-7A74-4206-BE69-427E619D57A1}.Debug|Any CPU.ActiveCfg = Debug|Any CPU
		{F4B00E19-7A74-4206-BE69-427E619D57A1}.Debug|Any CPU.Build.0 = Debug|Any CPU
		{F4B00E19-7A74-4206-BE69-427E619D57A1}.Release|Any CPU.ActiveCfg = Release|Any CPU
		{F4B00E19-7A74-4206-BE69-427E619D57A1}.Release|Any CPU.Build.0 = Release|Any CPU
	EndGlobalSection
	GlobalSection(SolutionProperties) = preSolution
		HideSolutionNode = FALSE
	EndGlobalSection
	GlobalSection(ExtensibilityGlobals) = postSolution
		SolutionGuid = {6773B6DE-5B40-434B-BDDA-5031A73DAB1A}
	EndGlobalSection
EndGlobal
